
Microsoft Visual Studio Solution File, Format Version 12.00
# Visual Studio 15
VisualStudioVersion = 15.0.28010.2050
MinimumVisualStudioVersion = 10.0.40219.1
Project("{FAE04EC0-301F-11D3-BF4B-00C04F79EFBC}") = "hbys1", "hbys1\hbys1.csproj", "{661CA841-E1E4-4D6F-B15A-B5932A79197C}"
EndProject
Global
	GlobalSection(SolutionConfigurationPlatforms) = preSolution
		Debug|Any CPU = Debug|Any CPU
		Release|Any CPU = Release|Any CPU
	EndGlobalSection
	GlobalSection(ProjectConfigurationPlatforms) = postSolution
		{661CA841-E1E4-4D6F-B15A-B5932A79197C}.Debug|Any CPU.ActiveCfg = Debug|Any CPU
		{661CA841-E1E4-4D6F-B15A-B5932A79197C}.Debug|Any CPU.Build.0 = Debug|Any CPU
		{661CA841-E1E4-4D6F-B15A-B5932A79197C}.Release|Any CPU.ActiveCfg = Release|Any CPU
		{661CA841-E1E4-4D6F-B15A-B5932A79197C}.Release|Any CPU.Build.0 = Release|Any CPU
	EndGlobalSection
	GlobalSection(SolutionProperties) = preSolution
		HideSolutionNode = FALSE
	EndGlobalSection
	GlobalSection(ExtensibilityGlobals) = postSolution
		SolutionGuid = {9555EF3C-E800-4950-A00E-8A2DE734587C}
	EndGlobalSection
EndGlobal
